Microsoft Visual Studio Solution File, Format Version 11.00
# Visual Studio 2008

Project("{1D0D50A7-031F-3496-CBC8-70B58267E612}") = "Fighting-Game", "Assembly-CSharp.csproj", "{62497559-638B-1F87-8C72-7DE85C895208}"
EndProject
Project("{1D0D50A7-031F-3496-CBC8-70B58267E612}") = "Fighting-Game", "Assembly-CSharp-Editor.csproj", "{152D6946-9ED0-5070-D1CF-F173D8D23D42}"
EndProject
Global
	GlobalSection(SolutionConfigurationPlatforms) = preSolution
		Debug|Any CPU = Debug|Any CPU
		Release|Any CPU = Release|Any CPU
	EndGlobalSection
	GlobalSection(ProjectConfigurationPlatforms) = postSolution
		{62497559-638B-1F87-8C72-7DE85C895208}.Debug|Any CPU.ActiveCfg = Debug|Any CPU
		{62497559-638B-1F87-8C72-7DE85C895208}.Debug|Any CPU.Build.0 = Debug|Any CPU
		{62497559-638B-1F87-8C72-7DE85C895208}.Release|Any CPU.ActiveCfg = Release|Any CPU
		{62497559-638B-1F87-8C72-7DE85C895208}.Release|Any CPU.Build.0 = Release|Any CPU
		{152D6946-9ED0-5070-D1CF-F173D8D23D42}.Debug|Any CPU.ActiveCfg = Debug|Any CPU
		{152D6946-9ED0-5070-D1CF-F173D8D23D42}.Debug|Any CPU.Build.0 = Debug|Any CPU
		{152D6946-9ED0-5070-D1CF-F173D8D23D42}.Release|Any CPU.ActiveCfg = Release|Any CPU
		{152D6946-9ED0-5070-D1CF-F173D8D23D42}.Release|Any CPU.Build.0 = Release|Any CPU
	EndGlobalSection
	GlobalSection(SolutionProperties) = preSolution
		HideSolutionNode = FALSE
	EndGlobalSection
	GlobalSection(MonoDevelopProperties) = preSolution
		StartupItem = Assembly-CSharp.csproj
	EndGlobalSection
EndGlobal
